
Microsoft Visual Studio Solution File, Format Version 12.00
# Visual Studio 2013
VisualStudioVersion = 12.0.31101.0
MinimumVisualStudioVersion = 10.0.40219.1
Project("{FAE04EC0-301F-11D3-BF4B-00C04F79EFBC}") = "Prilozhenie_44.ODataBackend", "ODataBackend/Prilozhenie_44.ODataBackend.csproj", "{B4A2D529-2A51-4629-8914-A52F04CD7263}"
EndProject
Project("{FAE04EC0-301F-11D3-BF4B-00C04F79EFBC}") = "Prilozhenie_44.Objects", "Objects/Prilozhenie_44.Objects.csproj", "{7409DA8C-1DDF-4344-A44A-0D261BC3399E}"
EndProject
Global
	GlobalSection(SolutionConfigurationPlatforms) = preSolution
Debug|Any CPU = Debug|Any CPU
Release|Any CPU = Release|Any CPU
	EndGlobalSection
	GlobalSection(ProjectConfigurationPlatforms) = postSolution
		{B4A2D529-2A51-4629-8914-A52F04CD7263}.Debug|Any CPU.ActiveCfg = Debug|Any CPU
		{B4A2D529-2A51-4629-8914-A52F04CD7263}.Debug|Any CPU.Build.0 = Debug|Any CPU
		{B4A2D529-2A51-4629-8914-A52F04CD7263}.Release|Any CPU.ActiveCfg = Release|Any CPU
		{B4A2D529-2A51-4629-8914-A52F04CD7263}.Release|Any CPU.Build.0 = Release|Any CPU
		{7409DA8C-1DDF-4344-A44A-0D261BC3399E}.Debug|Any CPU.ActiveCfg = Debug|Any CPU
		{7409DA8C-1DDF-4344-A44A-0D261BC3399E}.Debug|Any CPU.Build.0 = Debug|Any CPU
		{7409DA8C-1DDF-4344-A44A-0D261BC3399E}.Release|Any CPU.ActiveCfg = Release|Any CPU
		{7409DA8C-1DDF-4344-A44A-0D261BC3399E}.Release|Any CPU.Build.0 = Release|Any CPU
	EndGlobalSection
	GlobalSection(SolutionProperties) = preSolution
		HideSolutionNode = FALSE
	EndGlobalSection
EndGlobal
